// !$*UTF8*$!
{
	archiveVersion = 1;
	classes = {
	};
	objectVersion = 50;
	objects = {

/* Begin PBXBuildFile section */
		21D3B24722B0026B00672710 /* ARSceneViewController+ARSCNViewDelegate.swift in Sources */ = {isa = PBXBuildFile; fileRef = 21D3B24622B0026B00672710 /* ARSceneViewController+ARSCNViewDelegate.swift */; };
		695F401622B1B2E2009E277E /* art.scnassets in Resources */ = {isa = PBXBuildFile; fileRef = 695F401522B1B2E2009E277E /* art.scnassets */; };
		D41187A222AEC26000C46E75 /* AppDelegate.swift in Sources */ = {isa = PBXBuildFile; fileRef = D41187A122AEC26000C46E75 /* AppDelegate.swift */; };
		D41187A422AEC26000C46E75 /* ViewController.swift in Sources */ = {isa = PBXBuildFile; fileRef = D41187A322AEC26000C46E75 /* ViewController.swift */; };
		D41187A722AEC26000C46E75 /* Main.storyboard in Resources */ = {isa = PBXBuildFile; fileRef = D41187A522AEC26000C46E75 /* Main.storyboard */; };
		D41187A922AEC26100C46E75 /* Assets.xcassets in Resources */ = {isa = PBXBuildFile; fileRef = D41187A822AEC26100C46E75 /* Assets.xcassets */; };
		D41187AC22AEC26100C46E75 /* LaunchScreen.storyboard in Resources */ = {isa = PBXBuildFile; fileRef = D41187AA22AEC26100C46E75 /* LaunchScreen.storyboard */; };
		D41187B422AEC34300C46E75 /* ARSceneViewController.swift in Sources */ = {isa = PBXBuildFile; fileRef = D41187B322AEC34300C46E75 /* ARSceneViewController.swift */; };
		D41187C222B0480A00C46E75 /* HorizontalPickerViewController.swift in Sources */ = {isa = PBXBuildFile; fileRef = D41187C122B0480A00C46E75 /* HorizontalPickerViewController.swift */; };
		D493F86022B35F9000AEBB43 /* ExperienceButtonViewController.swift in Sources */ = {isa = PBXBuildFile; fileRef = D493F85F22B35F9000AEBB43 /* ExperienceButtonViewController.swift */; };
		D493F86222B362BE00AEBB43 /* ARSceneViewConstans.swift in Sources */ = {isa = PBXBuildFile; fileRef = D493F86122B362BE00AEBB43 /* ARSceneViewConstans.swift */; };
		D4E7777122B181330038EF14 /* Colors.swift in Sources */ = {isa = PBXBuildFile; fileRef = D4E7777022B181330038EF14 /* Colors.swift */; };
		D4E7777422B1DB330038EF14 /* HorizontalPickerDelegate.swift in Sources */ = {isa = PBXBuildFile; fileRef = D4E7777322B1DB330038EF14 /* HorizontalPickerDelegate.swift */; };
/* End PBXBuildFile section */

/* Begin PBXFileReference section */
		21D3B24622B0026B00672710 /* ARSceneViewController+ARSCNViewDelegate.swift */ = {isa = PBXFileReference; lastKnownFileType = sourcecode.swift; path = "ARSceneViewController+ARSCNViewDelegate.swift"; sourceTree = "<group>"; };
		695F401522B1B2E2009E277E /* art.scnassets */ = {isa = PBXFileReference; lastKnownFileType = wrapper.scnassets; path = art.scnassets; sourceTree = "<group>"; };
		D411879E22AEC26000C46E75 /* Santillana-Demo-AR-Experiencia-Residuos.app */ = {isa = PBXFileReference; explicitFileType = wrapper.application; includeInIndex = 0; path = "Santillana-Demo-AR-Experiencia-Residuos.app"; sourceTree = BUILT_PRODUCTS_DIR; };
		D41187A122AEC26000C46E75 /* AppDelegate.swift */ = {isa = PBXFileReference; lastKnownFileType = sourcecode.swift; path = AppDelegate.swift; sourceTree = "<group>"; };
		D41187A322AEC26000C46E75 /* ViewController.swift */ = {isa = PBXFileReference; lastKnownFileType = sourcecode.swift; path = ViewController.swift; sourceTree = "<group>"; };
		D41187A622AEC26000C46E75 /* Base */ = {isa = PBXFileReference; lastKnownFileType = file.storyboard; name = Base; path = Base.lproj/Main.storyboard; sourceTree = "<group>"; };
		D41187A822AEC26100C46E75 /* Assets.xcassets */ = {isa = PBXFileReference; lastKnownFileType = folder.assetcatalog; path = Assets.xcassets; sourceTree = "<group>"; };
		D41187AB22AEC26100C46E75 /* Base */ = {isa = PBXFileReference; lastKnownFileType = file.storyboard; name = Base; path = Base.lproj/LaunchScreen.storyboard; sourceTree = "<group>"; };
		D41187AD22AEC26100C46E75 /* Info.plist */ = {isa = PBXFileReference; lastKnownFileType = text.plist.xml; path = Info.plist; sourceTree = "<group>"; };
		D41187B322AEC34300C46E75 /* ARSceneViewController.swift */ = {isa = PBXFileReference; lastKnownFileType = sourcecode.swift; path = ARSceneViewController.swift; sourceTree = "<group>"; };
		D41187C122B0480A00C46E75 /* HorizontalPickerViewController.swift */ = {isa = PBXFileReference; lastKnownFileType = sourcecode.swift; path = HorizontalPickerViewController.swift; sourceTree = "<group>"; };
		D493F85F22B35F9000AEBB43 /* ExperienceButtonViewController.swift */ = {isa = PBXFileReference; lastKnownFileType = sourcecode.swift; path = ExperienceButtonViewController.swift; sourceTree = "<group>"; };
		D493F86122B362BE00AEBB43 /* ARSceneViewConstans.swift */ = {isa = PBXFileReference; fileEncoding = 4; lastKnownFileType = sourcecode.swift; path = ARSceneViewConstans.swift; sourceTree = "<group>"; };
		D4E7777022B181330038EF14 /* Colors.swift */ = {isa = PBXFileReference; lastKnownFileType = sourcecode.swift; path = Colors.swift; sourceTree = "<group>"; };
		D4E7777322B1DB330038EF14 /* HorizontalPickerDelegate.swift */ = {isa = PBXFileReference; lastKnownFileType = sourcecode.swift; path = HorizontalPickerDelegate.swift; sourceTree = "<group>"; };
/* End PBXFileReference section */

/* Begin PBXFrameworksBuildPhase section */
		D411879B22AEC26000C46E75 /* Frameworks */ = {
			isa = PBXFrameworksBuildPhase;
			buildActionMask = 2147483647;
			files = (
			);
			runOnlyForDeploymentPostprocessing = 0;
		};
/* End PBXFrameworksBuildPhase section */

/* Begin PBXGroup section */
		D411879522AEC26000C46E75 = {
			isa = PBXGroup;
			children = (
				D41187A022AEC26000C46E75 /* Santillana-Demo-AR-Experiencia-Residuos */,
				D411879F22AEC26000C46E75 /* Products */,
			);
			sourceTree = "<group>";
		};
		D411879F22AEC26000C46E75 /* Products */ = {
			isa = PBXGroup;
			children = (
				D411879E22AEC26000C46E75 /* Santillana-Demo-AR-Experiencia-Residuos.app */,
			);
			name = Products;
			sourceTree = "<group>";
		};
		D41187A022AEC26000C46E75 /* Santillana-Demo-AR-Experiencia-Residuos */ = {
			isa = PBXGroup;
			children = (
				D493F85E22B35F5600AEBB43 /* ExperienceButton */,
				D4E7777222B1DB140038EF14 /* HorizontalPicker */,
				D4E7776F22B181200038EF14 /* Utils */,
				D41187A122AEC26000C46E75 /* AppDelegate.swift */,
				D41187A322AEC26000C46E75 /* ViewController.swift */,
				D41187A522AEC26000C46E75 /* Main.storyboard */,
				D41187A822AEC26100C46E75 /* Assets.xcassets */,
				695F401522B1B2E2009E277E /* art.scnassets */,
				D41187AA22AEC26100C46E75 /* LaunchScreen.storyboard */,
				D41187AD22AEC26100C46E75 /* Info.plist */,
				D41187B322AEC34300C46E75 /* ARSceneViewController.swift */,
				D493F86122B362BE00AEBB43 /* ARSceneViewConstans.swift */,
				21D3B24622B0026B00672710 /* ARSceneViewController+ARSCNViewDelegate.swift */,
			);
			path = "Santillana-Demo-AR-Experiencia-Residuos";
			sourceTree = "<group>";
		};
		D493F85E22B35F5600AEBB43 /* ExperienceButton */ = {
			isa = PBXGroup;
			children = (
				D493F85F22B35F9000AEBB43 /* ExperienceButtonViewController.swift */,
			);
			path = ExperienceButton;
			sourceTree = "<group>";
		};
		D4E7776F22B181200038EF14 /* Utils */ = {
			isa = PBXGroup;
			children = (
				D4E7777022B181330038EF14 /* Colors.swift */,
			);
			path = Utils;
			sourceTree = "<group>";
		};
		D4E7777222B1DB140038EF14 /* HorizontalPicker */ = {
			isa = PBXGroup;
			children = (
				D41187C122B0480A00C46E75 /* HorizontalPickerViewController.swift */,
				D4E7777322B1DB330038EF14 /* HorizontalPickerDelegate.swift */,
			);
			path = HorizontalPicker;
			sourceTree = "<group>";
		};
/* End PBXGroup section */

/* Begin PBXNativeTarget section */
		D411879D22AEC26000C46E75 /* Santillana-Demo-AR-Experiencia-Residuos */ = {
			isa = PBXNativeTarget;
			buildConfigurationList = D41187B022AEC26100C46E75 /* Build configuration list for PBXNativeTarget "Santillana-Demo-AR-Experiencia-Residuos" */;
			buildPhases = (
				D411879A22AEC26000C46E75 /* Sources */,
				D411879B22AEC26000C46E75 /* Frameworks */,
				D411879C22AEC26000C46E75 /* Resources */,
			);
			buildRules = (
			);
			dependencies = (
			);
			name = "Santillana-Demo-AR-Experiencia-Residuos";
			productName = "Santillana-Demo-AR-Experiencia-Residuos";
			productReference = D411879E22AEC26000C46E75 /* Santillana-Demo-AR-Experiencia-Residuos.app */;
			productType = "com.apple.product-type.application";
		};
/* End PBXNativeTarget section */

/* Begin PBXProject section */
		D411879622AEC26000C46E75 /* Project object */ = {
			isa = PBXProject;
			attributes = {
				LastSwiftUpdateCheck = 1020;
				LastUpgradeCheck = 1020;
				ORGANIZATIONNAME = "Alejandro Mendoza";
				TargetAttributes = {
					D411879D22AEC26000C46E75 = {
						CreatedOnToolsVersion = 10.2.1;
					};
				};
			};
			buildConfigurationList = D411879922AEC26000C46E75 /* Build configuration list for PBXProject "Santillana-Demo-AR-Experiencia-Residuos" */;
			compatibilityVersion = "Xcode 9.3";
			developmentRegion = en;
			hasScannedForEncodings = 0;
			knownRegions = (
				en,
				Base,
			);
			mainGroup = D411879522AEC26000C46E75;
			productRefGroup = D411879F22AEC26000C46E75 /* Products */;
			projectDirPath = "";
			projectRoot = "";
			targets = (
				D411879D22AEC26000C46E75 /* Santillana-Demo-AR-Experiencia-Residuos */,
			);
		};
/* End PBXProject section */

/* Begin PBXResourcesBuildPhase section */
		D411879C22AEC26000C46E75 /* Resources */ = {
			isa = PBXResourcesBuildPhase;
			buildActionMask = 2147483647;
			files = (
				D41187AC22AEC26100C46E75 /* LaunchScreen.storyboard in Resources */,
				695F401622B1B2E2009E277E /* art.scnassets in Resources */,
				D41187A922AEC26100C46E75 /* Assets.xcassets in Resources */,
				D41187A722AEC26000C46E75 /* Main.storyboard in Resources */,
			);
			runOnlyForDeploymentPostprocessing = 0;
		};
/* End PBXResourcesBuildPhase section */

/* Begin PBXSourcesBuildPhase section */
		D411879A22AEC26000C46E75 /* Sources */ = {
			isa = PBXSourcesBuildPhase;
			buildActionMask = 2147483647;
			files = (
				21D3B24722B0026B00672710 /* ARSceneViewController+ARSCNViewDelegate.swift in Sources */,
				D4E7777422B1DB330038EF14 /* HorizontalPickerDelegate.swift in Sources */,
				D493F86022B35F9000AEBB43 /* ExperienceButtonViewController.swift in Sources */,
				D4E7777122B181330038EF14 /* Colors.swift in Sources */,
				D41187B422AEC34300C46E75 /* ARSceneViewController.swift in Sources */,
				D41187C222B0480A00C46E75 /* HorizontalPickerViewController.swift in Sources */,
				D493F86222B362BE00AEBB43 /* ARSceneViewConstans.swift in Sources */,
				D41187A422AEC26000C46E75 /* ViewController.swift in Sources */,
				D41187A222AEC26000C46E75 /* AppDelegate.swift in Sources */,
			);
			runOnlyForDeploymentPostprocessing = 0;
		};
/* End PBXSourcesBuildPhase section */

/* Begin PBXVariantGroup section */
		D41187A522AEC26000C46E75 /* Main.storyboard */ = {
			isa = PBXVariantGroup;
			children = (
				D41187A622AEC26000C46E75 /* Base */,
			);
			name = Main.storyboard;
			sourceTree = "<group>";
		};
		D41187AA22AEC26100C46E75 /* LaunchScreen.storyboard */ = {
			isa = PBXVariantGroup;
			children = (
				D41187AB22AEC26100C46E75 /* Base */,
			);
			name = LaunchScreen.storyboard;
			sourceTree = "<group>";
		};
/* End PBXVariantGroup section */

/* Begin XCBuildConfiguration section */
		D41187AE22AEC26100C46E75 /* Debug */ = {
			isa = XCBuildConfiguration;
			buildSettings = {
				ALWAYS_SEARCH_USER_PATHS = NO;
				CLANG_ANALYZER_NONNULL = YES;
				CLANG_ANALYZER_NUMBER_OBJECT_CONVERSION = YES_AGGRESSIVE;
				CLANG_CXX_LANGUAGE_STANDARD = "gnu++14";
				CLANG_CXX_LIBRARY = "libc++";
				CLANG_ENABLE_MODULES = YES;
				CLANG_ENABLE_OBJC_ARC = YES;
				CLANG_ENABLE_OBJC_WEAK = YES;
				CLANG_WARN_BLOCK_CAPTURE_AUTORELEASING = YES;
				CLANG_WARN_BOOL_CONVERSION = YES;
				CLANG_WARN_COMMA = YES;
				CLANG_WARN_CONSTANT_CONVERSION = YES;
				CLANG_WARN_DEPRECATED_OBJC_IMPLEMENTATIONS = YES;
				CLANG_WARN_DIRECT_OBJC_ISA_USAGE = YES_ERROR;
				CLANG_WARN_DOCUMENTATION_COMMENTS = YES;
				CLANG_WARN_EMPTY_BODY = YES;
				CLANG_WARN_ENUM_CONVERSION = YES;
				CLANG_WARN_INFINITE_RECURSION = YES;
				CLANG_WARN_INT_CONVERSION = YES;
				CLANG_WARN_NON_LITERAL_NULL_CONVERSION = YES;
				CLANG_WARN_OBJC_IMPLICIT_RETAIN_SELF = YES;
				CLANG_WARN_OBJC_LITERAL_CONVERSION = YES;
				CLANG_WARN_OBJC_ROOT_CLASS = YES_ERROR;
				CLANG_WARN_RANGE_LOOP_ANALYSIS = YES;
				CLANG_WARN_STRICT_PROTOTYPES = YES;
				CLANG_WARN_SUSPICIOUS_MOVE = YES;
				CLANG_WARN_UNGUARDED_AVAILABILITY = YES_AGGRESSIVE;
				CLANG_WARN_UNREACHABLE_CODE = YES;
				CLANG_WARN__DUPLICATE_METHOD_MATCH = YES;
				CODE_SIGN_IDENTITY = "iPhone Developer";
				COPY_PHASE_STRIP = NO;
				DEBUG_INFORMATION_FORMAT = dwarf;
				ENABLE_STRICT_OBJC_MSGSEND = YES;
				ENABLE_TESTABILITY = YES;
				GCC_C_LANGUAGE_STANDARD = gnu11;
				GCC_DYNAMIC_NO_PIC = NO;
				GCC_NO_COMMON_BLOCKS = YES;
				GCC_OPTIMIZATION_LEVEL = 0;
				GCC_PREPROCESSOR_DEFINITIONS = (
					"DEBUG=1",
					"$(inherited)",
				);
				GCC_WARN_64_TO_32_BIT_CONVERSION = YES;
				GCC_WARN_ABOUT_RETURN_TYPE = YES_ERROR;
				GCC_WARN_UNDECLARED_SELECTOR = YES;
				GCC_WARN_UNINITIALIZED_AUTOS = YES_AGGRESSIVE;
				GCC_WARN_UNUSED_FUNCTION = YES;
				GCC_WARN_UNUSED_VARIABLE = YES;
				IPHONEOS_DEPLOYMENT_TARGET = 12.2;
				MTL_ENABLE_DEBUG_INFO = INCLUDE_SOURCE;
				MTL_FAST_MATH = YES;
				ONLY_ACTIVE_ARCH = YES;
				SDKROOT = iphoneos;
				SWIFT_ACTIVE_COMPILATION_CONDITIONS = DEBUG;
				SWIFT_OPTIMIZATION_LEVEL = "-Onone";
			};
			name = Debug;
		};
		D41187AF22AEC26100C46E75 /* Release */ = {
			isa = XCBuildConfiguration;
			buildSettings = {
				ALWAYS_SEARCH_USER_PATHS = NO;
				CLANG_ANALYZER_NONNULL = YES;
				CLANG_ANALYZER_NUMBER_OBJECT_CONVERSION = YES_AGGRESSIVE;
				CLANG_CXX_LANGUAGE_STANDARD = "gnu++14";
				CLANG_CXX_LIBRARY = "libc++";
				CLANG_ENABLE_MODULES = YES;
				CLANG_ENABLE_OBJC_ARC = YES;
				CLANG_ENABLE_OBJC_WEAK = YES;
				CLANG_WARN_BLOCK_CAPTURE_AUTORELEASING = YES;
				CLANG_WARN_BOOL_CONVERSION = YES;
				CLANG_WARN_COMMA = YES;
				CLANG_WARN_CONSTANT_CONVERSION = YES;
				CLANG_WARN_DEPRECATED_OBJC_IMPLEMENTATIONS = YES;
				CLANG_WARN_DIRECT_OBJC_ISA_USAGE = YES_ERROR;
				CLANG_WARN_DOCUMENTATION_COMMENTS = YES;
				CLANG_WARN_EMPTY_BODY = YES;
				CLANG_WARN_ENUM_CONVERSION = YES;
				CLANG_WARN_INFINITE_RECURSION = YES;
				CLANG_WARN_INT_CONVERSION = YES;
				CLANG_WARN_NON_LITERAL_NULL_CONVERSION = YES;
				CLANG_WARN_OBJC_IMPLICIT_RETAIN_SELF = YES;
				CLANG_WARN_OBJC_LITERAL_CONVERSION = YES;
				CLANG_WARN_OBJC_ROOT_CLASS = YES_ERROR;
				CLANG_WARN_RANGE_LOOP_ANALYSIS = YES;
				CLANG_WARN_STRICT_PROTOTYPES = YES;
				CLANG_WARN_SUSPICIOUS_MOVE = YES;
				CLANG_WARN_UNGUARDED_AVAILABILITY = YES_AGGRESSIVE;
				CLANG_WARN_UNREACHABLE_CODE = YES;
				CLANG_WARN__DUPLICATE_METHOD_MATCH = YES;
				CODE_SIGN_IDENTITY = "iPhone Developer";
				COPY_PHASE_STRIP = NO;
				DEBUG_INFORMATION_FORMAT = "dwarf-with-dsym";
				ENABLE_NS_ASSERTIONS = NO;
				ENABLE_STRICT_OBJC_MSGSEND = YES;
				GCC_C_LANGUAGE_STANDARD = gnu11;
				GCC_NO_COMMON_BLOCKS = YES;
				GCC_WARN_64_TO_32_BIT_CONVERSION = YES;
				GCC_WARN_ABOUT_RETURN_TYPE = YES_ERROR;
				GCC_WARN_UNDECLARED_SELECTOR = YES;
				GCC_WARN_UNINITIALIZED_AUTOS = YES_AGGRESSIVE;
				GCC_WARN_UNUSED_FUNCTION = YES;
				GCC_WARN_UNUSED_VARIABLE = YES;
				IPHONEOS_DEPLOYMENT_TARGET = 12.2;
				MTL_ENABLE_DEBUG_INFO = NO;
				MTL_FAST_MATH = YES;
				SDKROOT = iphoneos;
				SWIFT_COMPILATION_MODE = wholemodule;
				SWIFT_OPTIMIZATION_LEVEL = "-O";
				VALIDATE_PRODUCT = YES;
			};
			name = Release;
		};
		D41187B122AEC26100C46E75 /* Debug */ = {
			isa = XCBuildConfiguration;
			buildSettings = {
				ASSETCATALOG_COMPILER_APPICON_NAME = AppIcon;
				CODE_SIGN_STYLE = Automatic;
				DEVELOPMENT_TEAM = 27MUBRMHKJ;
				INFOPLIST_FILE = "Santillana-Demo-AR-Experiencia-Residuos/Info.plist";
				LD_RUNPATH_SEARCH_PATHS = (
					"$(inherited)",
					"@executable_path/Frameworks",
				);
				PRODUCT_BUNDLE_IDENTIFIER = "com.zippi.Santillana-Demo-AR-Experiencia-Residuos";
				PRODUCT_NAME = "$(TARGET_NAME)";
				SWIFT_VERSION = 5.0;
				TARGETED_DEVICE_FAMILY = 2;
			};
			name = Debug;
		};
		D41187B222AEC26100C46E75 /* Release */ = {
			isa = XCBuildConfiguration;
			buildSettings = {
				ASSETCATALOG_COMPILER_APPICON_NAME = AppIcon;
				CODE_SIGN_STYLE = Automatic;
				DEVELOPMENT_TEAM = 27MUBRMHKJ;
				INFOPLIST_FILE = "Santillana-Demo-AR-Experiencia-Residuos/Info.plist";
				LD_RUNPATH_SEARCH_PATHS = (
					"$(inherited)",
					"@executable_path/Frameworks",
				);
				PRODUCT_BUNDLE_IDENTIFIER = "com.zippi.Santillana-Demo-AR-Experiencia-Residuos";
				PRODUCT_NAME = "$(TARGET_NAME)";
				SWIFT_VERSION = 5.0;
				TARGETED_DEVICE_FAMILY = 2;
			};
			name = Release;
		};
/* End XCBuildConfiguration section */

/* Begin XCConfigurationList section */
		D411879922AEC26000C46E75 /* Build configuration list for PBXProject "Santillana-Demo-AR-Experiencia-Residuos" */ = {
			isa = XCConfigurationList;
			buildConfigurations = (
				D41187AE22AEC26100C46E75 /* Debug */,
				D41187AF22AEC26100C46E75 /* Release */,
			);
			defaultConfigurationIsVisible = 0;
			defaultConfigurationName = Release;
		};
		D41187B022AEC26100C46E75 /* Build configuration list for PBXNativeTarget "Santillana-Demo-AR-Experiencia-Residuos" */ = {
			isa = XCConfigurationList;
			buildConfigurations = (
				D41187B122AEC26100C46E75 /* Debug */,
				D41187B222AEC26100C46E75 /* Release */,
			);
			defaultConfigurationIsVisible = 0;
			defaultConfigurationName = Release;
		};
/* End XCConfigurationList section */
	};
	rootObject = D411879622AEC26000C46E75 /* Project object */;
}
